
Microsoft Visual Studio Solution File, Format Version 12.00
# Visual Studio 15
VisualStudioVersion = 15.0.28307.1022
MinimumVisualStudioVersion = 10.0.40219.1
Project("{FAE04EC0-301F-11D3-BF4B-00C04F79EFBC}") = "AwsTutorial", "AwsTutorial\AwsTutorial.csproj", "{678F0231-80AF-4FE0-AB1D-7381FBEBA83E}"
EndProject
Global
	GlobalSection(SolutionConfigurationPlatforms) = preSolution
		Debug|Any CPU = Debug|Any CPU
		Release|Any CPU = Release|Any CPU
	EndGlobalSection
	GlobalSection(ProjectConfigurationPlatforms) = postSolution
		{678F0231-80AF-4FE0-AB1D-7381FBEBA83E}.Debug|Any CPU.ActiveCfg = Debug|Any CPU
		{678F0231-80AF-4FE0-AB1D-7381FBEBA83E}.Debug|Any CPU.Build.0 = Debug|Any CPU
		{678F0231-80AF-4FE0-AB1D-7381FBEBA83E}.Release|Any CPU.ActiveCfg = Release|Any CPU
		{678F0231-80AF-4FE0-AB1D-7381FBEBA83E}.Release|Any CPU.Build.0 = Release|Any CPU
	EndGlobalSection
	GlobalSection(SolutionProperties) = preSolution
		HideSolutionNode = FALSE
	EndGlobalSection
	GlobalSection(ExtensibilityGlobals) = postSolution
		SolutionGuid = {C5FFB3A4-6703-4F16-ABB1-98525E42A75A}
	EndGlobalSection
EndGlobal
